// !$*UTF8*$!
{
	archiveVersion = 1;
	classes = {
	};
	objectVersion = 46;
	objects = {

/* Begin PBXBuildFile section */
		8B5992601DEA9DEB003CD21F /* ViewTeamsViewController.swift in Sources */ = {isa = PBXBuildFile; fileRef = 8B59925F1DEA9DEB003CD21F /* ViewTeamsViewController.swift */; };
		8BFCDA5B1DE96FB1002129C8 /* AppDelegate.swift in Sources */ = {isa = PBXBuildFile; fileRef = 8BFCDA5A1DE96FB1002129C8 /* AppDelegate.swift */; };
		8BFCDA5D1DE96FB1002129C8 /* ViewController.swift in Sources */ = {isa = PBXBuildFile; fileRef = 8BFCDA5C1DE96FB1002129C8 /* ViewController.swift */; };
		8BFCDA601DE96FB1002129C8 /* Main.storyboard in Resources */ = {isa = PBXBuildFile; fileRef = 8BFCDA5E1DE96FB1002129C8 /* Main.storyboard */; };
		8BFCDA621DE96FB1002129C8 /* Assets.xcassets in Resources */ = {isa = PBXBuildFile; fileRef = 8BFCDA611DE96FB1002129C8 /* Assets.xcassets */; };
		8BFCDA651DE96FB1002129C8 /* LaunchScreen.storyboard in Resources */ = {isa = PBXBuildFile; fileRef = 8BFCDA631DE96FB1002129C8 /* LaunchScreen.storyboard */; };
		8BFCDA6D1DE97664002129C8 /* HomePageViewController.swift in Sources */ = {isa = PBXBuildFile; fileRef = 8BFCDA6C1DE97664002129C8 /* HomePageViewController.swift */; };
		8BFCDA6F1DEA642B002129C8 /* Rover.swift in Sources */ = {isa = PBXBuildFile; fileRef = 8BFCDA6E1DEA642B002129C8 /* Rover.swift */; };
		8BFCDA711DEA650B002129C8 /* Team.swift in Sources */ = {isa = PBXBuildFile; fileRef = 8BFCDA701DEA650A002129C8 /* Team.swift */; };
		8BFCDA731DEA76B5002129C8 /* MapPickerViewController.swift in Sources */ = {isa = PBXBuildFile; fileRef = 8BFCDA721DEA76B5002129C8 /* MapPickerViewController.swift */; };
		8BFCDA751DEA950B002129C8 /* Constants.swift in Sources */ = {isa = PBXBuildFile; fileRef = 8BFCDA741DEA950B002129C8 /* Constants.swift */; };
/* End PBXBuildFile section */

/* Begin PBXFileReference section */
		8B59925F1DEA9DEB003CD21F /* ViewTeamsViewController.swift */ = {isa = PBXFileReference; fileEncoding = 4; lastKnownFileType = sourcecode.swift; path = ViewTeamsViewController.swift; sourceTree = "<group>"; };
		8BFCDA571DE96FB1002129C8 /* FanimeWarMapV2.app */ = {isa = PBXFileReference; explicitFileType = wrapper.application; includeInIndex = 0; path = FanimeWarMapV2.app; sourceTree = BUILT_PRODUCTS_DIR; };
		8BFCDA5A1DE96FB1002129C8 /* AppDelegate.swift */ = {isa = PBXFileReference; lastKnownFileType = sourcecode.swift; path = AppDelegate.swift; sourceTree = "<group>"; };
		8BFCDA5C1DE96FB1002129C8 /* ViewController.swift */ = {isa = PBXFileReference; lastKnownFileType = sourcecode.swift; path = ViewController.swift; sourceTree = "<group>"; };
		8BFCDA5F1DE96FB1002129C8 /* Base */ = {isa = PBXFileReference; lastKnownFileType = file.storyboard; name = Base; path = Base.lproj/Main.storyboard; sourceTree = "<group>"; };
		8BFCDA611DE96FB1002129C8 /* Assets.xcassets */ = {isa = PBXFileReference; lastKnownFileType = folder.assetcatalog; path = Assets.xcassets; sourceTree = "<group>"; };
		8BFCDA641DE96FB1002129C8 /* Base */ = {isa = PBXFileReference; lastKnownFileType = file.storyboard; name = Base; path = Base.lproj/LaunchScreen.storyboard; sourceTree = "<group>"; };
		8BFCDA661DE96FB1002129C8 /* Info.plist */ = {isa = PBXFileReference; lastKnownFileType = text.plist.xml; path = Info.plist; sourceTree = "<group>"; };
		8BFCDA6C1DE97664002129C8 /* HomePageViewController.swift */ = {isa = PBXFileReference; fileEncoding = 4; lastKnownFileType = sourcecode.swift; path = HomePageViewController.swift; sourceTree = "<group>"; };
		8BFCDA6E1DEA642B002129C8 /* Rover.swift */ = {isa = PBXFileReference; fileEncoding = 4; lastKnownFileType = sourcecode.swift; path = Rover.swift; sourceTree = "<group>"; };
		8BFCDA701DEA650A002129C8 /* Team.swift */ = {isa = PBXFileReference; fileEncoding = 4; lastKnownFileType = sourcecode.swift; path = Team.swift; sourceTree = "<group>"; };
		8BFCDA721DEA76B5002129C8 /* MapPickerViewController.swift */ = {isa = PBXFileReference; fileEncoding = 4; lastKnownFileType = sourcecode.swift; path = MapPickerViewController.swift; sourceTree = "<group>"; };
		8BFCDA741DEA950B002129C8 /* Constants.swift */ = {isa = PBXFileReference; fileEncoding = 4; lastKnownFileType = sourcecode.swift; path = Constants.swift; sourceTree = "<group>"; };
/* End PBXFileReference section */

/* Begin PBXFrameworksBuildPhase section */
		8BFCDA541DE96FB1002129C8 /* Frameworks */ = {
			isa = PBXFrameworksBuildPhase;
			buildActionMask = 2147483647;
			files = (
			);
			runOnlyForDeploymentPostprocessing = 0;
		};
/* End PBXFrameworksBuildPhase section */

/* Begin PBXGroup section */
		8BFCDA4E1DE96FB1002129C8 = {
			isa = PBXGroup;
			children = (
				8BFCDA591DE96FB1002129C8 /* FanimeWarMapV2 */,
				8BFCDA581DE96FB1002129C8 /* Products */,
			);
			sourceTree = "<group>";
		};
		8BFCDA581DE96FB1002129C8 /* Products */ = {
			isa = PBXGroup;
			children = (
				8BFCDA571DE96FB1002129C8 /* FanimeWarMapV2.app */,
			);
			name = Products;
			sourceTree = "<group>";
		};
		8BFCDA591DE96FB1002129C8 /* FanimeWarMapV2 */ = {
			isa = PBXGroup;
			children = (
				8BFCDA5A1DE96FB1002129C8 /* AppDelegate.swift */,
				8BFCDA5C1DE96FB1002129C8 /* ViewController.swift */,
				8BFCDA6C1DE97664002129C8 /* HomePageViewController.swift */,
				8BFCDA741DEA950B002129C8 /* Constants.swift */,
				8BFCDA721DEA76B5002129C8 /* MapPickerViewController.swift */,
				8B59925F1DEA9DEB003CD21F /* ViewTeamsViewController.swift */,
				8BFCDA6E1DEA642B002129C8 /* Rover.swift */,
				8BFCDA701DEA650A002129C8 /* Team.swift */,
				8BFCDA5E1DE96FB1002129C8 /* Main.storyboard */,
				8BFCDA611DE96FB1002129C8 /* Assets.xcassets */,
				8BFCDA631DE96FB1002129C8 /* LaunchScreen.storyboard */,
				8BFCDA661DE96FB1002129C8 /* Info.plist */,
			);
			path = FanimeWarMapV2;
			sourceTree = "<group>";
		};
/* End PBXGroup section */

/* Begin PBXNativeTarget section */
		8BFCDA561DE96FB1002129C8 /* FanimeWarMapV2 */ = {
			isa = PBXNativeTarget;
			buildConfigurationList = 8BFCDA691DE96FB1002129C8 /* Build configuration list for PBXNativeTarget "FanimeWarMapV2" */;
			buildPhases = (
				8BFCDA531DE96FB1002129C8 /* Sources */,
				8BFCDA541DE96FB1002129C8 /* Frameworks */,
				8BFCDA551DE96FB1002129C8 /* Resources */,
			);
			buildRules = (
			);
			dependencies = (
			);
			name = FanimeWarMapV2;
			productName = FanimeWarMapV2;
			productReference = 8BFCDA571DE96FB1002129C8 /* FanimeWarMapV2.app */;
			productType = "com.apple.product-type.application";
		};
/* End PBXNativeTarget section */

/* Begin PBXProject section */
		8BFCDA4F1DE96FB1002129C8 /* Project object */ = {
			isa = PBXProject;
			attributes = {
				LastSwiftUpdateCheck = 0810;
				LastUpgradeCheck = 0810;
				ORGANIZATIONNAME = "Jonathan Oh";
				TargetAttributes = {
					8BFCDA561DE96FB1002129C8 = {
						CreatedOnToolsVersion = 8.1;
						DevelopmentTeam = KQ85KX5DW2;
						ProvisioningStyle = Automatic;
					};
				};
			};
			buildConfigurationList = 8BFCDA521DE96FB1002129C8 /* Build configuration list for PBXProject "FanimeWarMapV2" */;
			compatibilityVersion = "Xcode 3.2";
			developmentRegion = English;
			hasScannedForEncodings = 0;
			knownRegions = (
				en,
				Base,
			);
			mainGroup = 8BFCDA4E1DE96FB1002129C8;
			productRefGroup = 8BFCDA581DE96FB1002129C8 /* Products */;
			projectDirPath = "";
			projectRoot = "";
			targets = (
				8BFCDA561DE96FB1002129C8 /* FanimeWarMapV2 */,
			);
		};
/* End PBXProject section */

/* Begin PBXResourcesBuildPhase section */
		8BFCDA551DE96FB1002129C8 /* Resources */ = {
			isa = PBXResourcesBuildPhase;
			buildActionMask = 2147483647;
			files = (
				8BFCDA651DE96FB1002129C8 /* LaunchScreen.storyboard in Resources */,
				8BFCDA621DE96FB1002129C8 /* Assets.xcassets in Resources */,
				8BFCDA601DE96FB1002129C8 /* Main.storyboard in Resources */,
			);
			runOnlyForDeploymentPostprocessing = 0;
		};
/* End PBXResourcesBuildPhase section */

/* Begin PBXSourcesBuildPhase section */
		8BFCDA531DE96FB1002129C8 /* Sources */ = {
			isa = PBXSourcesBuildPhase;
			buildActionMask = 2147483647;
			files = (
				8BFCDA6F1DEA642B002129C8 /* Rover.swift in Sources */,
				8BFCDA731DEA76B5002129C8 /* MapPickerViewController.swift in Sources */,
				8BFCDA5D1DE96FB1002129C8 /* ViewController.swift in Sources */,
				8BFCDA5B1DE96FB1002129C8 /* AppDelegate.swift in Sources */,
				8B5992601DEA9DEB003CD21F /* ViewTeamsViewController.swift in Sources */,
				8BFCDA751DEA950B002129C8 /* Constants.swift in Sources */,
				8BFCDA711DEA650B002129C8 /* Team.swift in Sources */,
				8BFCDA6D1DE97664002129C8 /* HomePageViewController.swift in Sources */,
			);
			runOnlyForDeploymentPostprocessing = 0;
		};
/* End PBXSourcesBuildPhase section */

/* Begin PBXVariantGroup section */
		8BFCDA5E1DE96FB1002129C8 /* Main.storyboard */ = {
			isa = PBXVariantGroup;
			children = (
				8BFCDA5F1DE96FB1002129C8 /* Base */,
			);
			name = Main.storyboard;
			sourceTree = "<group>";
		};
		8BFCDA631DE96FB1002129C8 /* LaunchScreen.storyboard */ = {
			isa = PBXVariantGroup;
			children = (
				8BFCDA641DE96FB1002129C8 /* Base */,
			);
			name = LaunchScreen.storyboard;
			sourceTree = "<group>";
		};
/* End PBXVariantGroup section */

/* Begin XCBuildConfiguration section */
		8BFCDA671DE96FB1002129C8 /* Debug */ = {
			isa = XCBuildConfiguration;
			buildSettings = {
				ALWAYS_SEARCH_USER_PATHS = NO;
				CLANG_ANALYZER_NONNULL = YES;
				CLANG_CXX_LANGUAGE_STANDARD = "gnu++0x";
				CLANG_CXX_LIBRARY = "libc++";
				CLANG_ENABLE_MODULES = YES;
				CLANG_ENABLE_OBJC_ARC = YES;
				CLANG_WARN_BOOL_CONVERSION = YES;
				CLANG_WARN_CONSTANT_CONVERSION = YES;
				CLANG_WARN_DIRECT_OBJC_ISA_USAGE = YES_ERROR;
				CLANG_WARN_DOCUMENTATION_COMMENTS = YES;
				CLANG_WARN_EMPTY_BODY = YES;
				CLANG_WARN_ENUM_CONVERSION = YES;
				CLANG_WARN_INFINITE_RECURSION = YES;
				CLANG_WARN_INT_CONVERSION = YES;
				CLANG_WARN_OBJC_ROOT_CLASS = YES_ERROR;
				CLANG_WARN_SUSPICIOUS_MOVES = YES;
				CLANG_WARN_UNREACHABLE_CODE = YES;
				CLANG_WARN__DUPLICATE_METHOD_MATCH = YES;
				"CODE_SIGN_IDENTITY[sdk=iphoneos*]" = "iPhone Developer";
				COPY_PHASE_STRIP = NO;
				DEBUG_INFORMATION_FORMAT = dwarf;
				ENABLE_STRICT_OBJC_MSGSEND = YES;
				ENABLE_TESTABILITY = YES;
				GCC_C_LANGUAGE_STANDARD = gnu99;
				GCC_DYNAMIC_NO_PIC = NO;
				GCC_NO_COMMON_BLOCKS = YES;
				GCC_OPTIMIZATION_LEVEL = 0;
				GCC_PREPROCESSOR_DEFINITIONS = (
					"DEBUG=1",
					"$(inherited)",
				);
				GCC_WARN_64_TO_32_BIT_CONVERSION = YES;
				GCC_WARN_ABOUT_RETURN_TYPE = YES_ERROR;
				GCC_WARN_UNDECLARED_SELECTOR = YES;
				GCC_WARN_UNINITIALIZED_AUTOS = YES_AGGRESSIVE;
				GCC_WARN_UNUSED_FUNCTION = YES;
				GCC_WARN_UNUSED_VARIABLE = YES;
				IPHONEOS_DEPLOYMENT_TARGET = 10.1;
				MTL_ENABLE_DEBUG_INFO = YES;
				ONLY_ACTIVE_ARCH = YES;
				SDKROOT = iphoneos;
				SWIFT_ACTIVE_COMPILATION_CONDITIONS = DEBUG;
				SWIFT_OPTIMIZATION_LEVEL = "-Onone";
				TARGETED_DEVICE_FAMILY = 2;
			};
			name = Debug;
		};
		8BFCDA681DE96FB1002129C8 /* Release */ = {
			isa = XCBuildConfiguration;
			buildSettings = {
				ALWAYS_SEARCH_USER_PATHS = NO;
				CLANG_ANALYZER_NONNULL = YES;
				CLANG_CXX_LANGUAGE_STANDARD = "gnu++0x";
				CLANG_CXX_LIBRARY = "libc++";
				CLANG_ENABLE_MODULES = YES;
				CLANG_ENABLE_OBJC_ARC = YES;
				CLANG_WARN_BOOL_CONVERSION = YES;
				CLANG_WARN_CONSTANT_CONVERSION = YES;
				CLANG_WARN_DIRECT_OBJC_ISA_USAGE = YES_ERROR;
				CLANG_WARN_DOCUMENTATION_COMMENTS = YES;
				CLANG_WARN_EMPTY_BODY = YES;
				CLANG_WARN_ENUM_CONVERSION = YES;
				CLANG_WARN_INFINITE_RECURSION = YES;
				CLANG_WARN_INT_CONVERSION = YES;
				CLANG_WARN_OBJC_ROOT_CLASS = YES_ERROR;
				CLANG_WARN_SUSPICIOUS_MOVES = YES;
				CLANG_WARN_UNREACHABLE_CODE = YES;
				CLANG_WARN__DUPLICATE_METHOD_MATCH = YES;
				"CODE_SIGN_IDENTITY[sdk=iphoneos*]" = "iPhone Developer";
				COPY_PHASE_STRIP = NO;
				DEBUG_INFORMATION_FORMAT = "dwarf-with-dsym";
				ENABLE_NS_ASSERTIONS = NO;
				ENABLE_STRICT_OBJC_MSGSEND = YES;
				GCC_C_LANGUAGE_STANDARD = gnu99;
				GCC_NO_COMMON_BLOCKS = YES;
				GCC_WARN_64_TO_32_BIT_CONVERSION = YES;
				GCC_WARN_ABOUT_RETURN_TYPE = YES_ERROR;
				GCC_WARN_UNDECLARED_SELECTOR = YES;
				GCC_WARN_UNINITIALIZED_AUTOS = YES_AGGRESSIVE;
				GCC_WARN_UNUSED_FUNCTION = YES;
				GCC_WARN_UNUSED_VARIABLE = YES;
				IPHONEOS_DEPLOYMENT_TARGET = 10.1;
				MTL_ENABLE_DEBUG_INFO = NO;
				SDKROOT = iphoneos;
				SWIFT_OPTIMIZATION_LEVEL = "-Owholemodule";
				TARGETED_DEVICE_FAMILY = 2;
				VALIDATE_PRODUCT = YES;
			};
			name = Release;
		};
		8BFCDA6A1DE96FB1002129C8 /* Debug */ = {
			isa = XCBuildConfiguration;
			buildSettings = {
				ASSETCATALOG_COMPILER_APPICON_NAME = AppIcon;
				DEVELOPMENT_TEAM = KQ85KX5DW2;
				INFOPLIST_FILE = FanimeWarMapV2/Info.plist;
				LD_RUNPATH_SEARCH_PATHS = "$(inherited) @executable_path/Frameworks";
				PRODUCT_BUNDLE_IDENTIFIER = com.jonathanoh.FanimeWarMapV2;
				PRODUCT_NAME = "$(TARGET_NAME)";
				SWIFT_VERSION = 3.0;
			};
			name = Debug;
		};
		8BFCDA6B1DE96FB1002129C8 /* Release */ = {
			isa = XCBuildConfiguration;
			buildSettings = {
				ASSETCATALOG_COMPILER_APPICON_NAME = AppIcon;
				DEVELOPMENT_TEAM = KQ85KX5DW2;
				INFOPLIST_FILE = FanimeWarMapV2/Info.plist;
				LD_RUNPATH_SEARCH_PATHS = "$(inherited) @executable_path/Frameworks";
				PRODUCT_BUNDLE_IDENTIFIER = com.jonathanoh.FanimeWarMapV2;
				PRODUCT_NAME = "$(TARGET_NAME)";
				SWIFT_VERSION = 3.0;
			};
			name = Release;
		};
/* End XCBuildConfiguration section */

/* Begin XCConfigurationList section */
		8BFCDA521DE96FB1002129C8 /* Build configuration list for PBXProject "FanimeWarMapV2" */ = {
			isa = XCConfigurationList;
			buildConfigurations = (
				8BFCDA671DE96FB1002129C8 /* Debug */,
				8BFCDA681DE96FB1002129C8 /* Release */,
			);
			defaultConfigurationIsVisible = 0;
			defaultConfigurationName = Release;
		};
		8BFCDA691DE96FB1002129C8 /* Build configuration list for PBXNativeTarget "FanimeWarMapV2" */ = {
			isa = XCConfigurationList;
			buildConfigurations = (
				8BFCDA6A1DE96FB1002129C8 /* Debug */,
				8BFCDA6B1DE96FB1002129C8 /* Release */,
			);
			defaultConfigurationIsVisible = 0;
			defaultConfigurationName = Release;
		};
/* End XCConfigurationList section */
	};
	rootObject = 8BFCDA4F1DE96FB1002129C8 /* Project object */;
}
